
Microsoft Visual Studio Solution File, Format Version 12.00
# Visual Studio Version 17
VisualStudioVersion = 17.5.33414.496
MinimumVisualStudioVersion = 10.0.40219.1
Project("{FAE04EC0-301F-11D3-BF4B-00C04F79EFBC}") = "Project_Xadres", "Project_Xadres\Project_Xadres.csproj", "{31AC858C-12F8-4EA4-994F-3E635C444973}"
EndProject
Global
	GlobalSection(SolutionConfigurationPlatforms) = preSolution
		Debug|Any CPU = Debug|Any CPU
		Release|Any CPU = Release|Any CPU
	EndGlobalSection
	GlobalSection(ProjectConfigurationPlatforms) = postSolution
		{31AC858C-12F8-4EA4-994F-3E635C444973}.Debug|Any CPU.ActiveCfg = Debug|Any CPU
		{31AC858C-12F8-4EA4-994F-3E635C444973}.Debug|Any CPU.Build.0 = Debug|Any CPU
		{31AC858C-12F8-4EA4-994F-3E635C444973}.Release|Any CPU.ActiveCfg = Release|Any CPU
		{31AC858C-12F8-4EA4-994F-3E635C444973}.Release|Any CPU.Build.0 = Release|Any CPU
	EndGlobalSection
	GlobalSection(SolutionProperties) = preSolution
		HideSolutionNode = FALSE
	EndGlobalSection
	GlobalSection(ExtensibilityGlobals) = postSolution
		SolutionGuid = {58B6C6FA-D5CF-46F3-822D-450D8D8C8742}
	EndGlobalSection
EndGlobal
